PODS:
  - SwiftBus (1.1):
    - SWXMLHash (~> 2.0.0)
  - SWXMLHash (2.0.0)

DEPENDENCIES:
  - SwiftBus (from `../`)

EXTERNAL SOURCES:
  SwiftBus:
    :path: "../"

SPEC CHECKSUMS:
  SwiftBus: 5eeeddd0d530cdf2c809fbb6ba3f55ac7fed7550
  SWXMLHash: b92213e98aebac80583ee58c2298c5533c7e2a7b

COCOAPODS: 0.38.2
