PODS:
  - SwiftBus (1.0):
    - SWXMLHash (~> 1.1.0)
  - SWXMLHash (1.1.0)

DEPENDENCIES:
  - SwiftBus (from `../`)

EXTERNAL SOURCES:
  SwiftBus:
    :path: "../"

SPEC CHECKSUMS:
  SwiftBus: 4c6ce8304736030e3822041f351d2e0d71fce8e4
  SWXMLHash: 3937b867dfe3091a84304176d80399fc2e709c37

COCOAPODS: 0.38.2
