PODS:
  - SwiftBus (1.0):
    - SWXMLHash (~> 1.1.0)
  - SWXMLHash (1.1.0)

DEPENDENCIES:
  - SwiftBus (from `../`)

EXTERNAL SOURCES:
  SwiftBus:
    :path: "../"

SPEC CHECKSUMS:
  SwiftBus: 9c1d701b96a67a82c4ef585ca374ba3bcd3102af
  SWXMLHash: 3937b867dfe3091a84304176d80399fc2e709c37

COCOAPODS: 0.38.2
